// !$*UTF8*$!
{
	archiveVersion = 1;
	classes = {
	};
	objectVersion = 46;
	objects = {

/* Begin PBXBuildFile section */
		484ED35D1963C135006B9ACE /* Foundation.framework in Frameworks */ = {isa = PBXBuildFile; fileRef = 484ED35C1963C135006B9ACE /* Foundation.framework */; };
		484ED35F1963C135006B9ACE /* CoreGraphics.framework in Frameworks */ = {isa = PBXBuildFile; fileRef = 484ED35E1963C135006B9ACE /* CoreGraphics.framework */; };
		484ED3611963C135006B9ACE /* UIKit.framework in Frameworks */ = {isa = PBXBuildFile; fileRef = 484ED3601963C135006B9ACE /* UIKit.framework */; };
		484ED3671963C135006B9ACE /* InfoPlist.strings in Resources */ = {isa = PBXBuildFile; fileRef = 484ED3651963C135006B9ACE /* InfoPlist.strings */; };
		484ED3691963C135006B9ACE /* main.m in Sources */ = {isa = PBXBuildFile; fileRef = 484ED3681963C135006B9ACE /* main.m */; };
		484ED36D1963C135006B9ACE /* QuizAppDelegate.m in Sources */ = {isa = PBXBuildFile; fileRef = 484ED36C1963C135006B9ACE /* QuizAppDelegate.m */; };
		484ED3731963C135006B9ACE /* QuizViewController.m in Sources */ = {isa = PBXBuildFile; fileRef = 484ED3721963C135006B9ACE /* QuizViewController.m */; };
		484ED3751963C135006B9ACE /* Images.xcassets in Resources */ = {isa = PBXBuildFile; fileRef = 484ED3741963C135006B9ACE /* Images.xcassets */; };
		484ED37C1963C135006B9ACE /* XCTest.framework in Frameworks */ = {isa = PBXBuildFile; fileRef = 484ED37B1963C135006B9ACE /* XCTest.framework */; };
		484ED37D1963C135006B9ACE /* Foundation.framework in Frameworks */ = {isa = PBXBuildFile; fileRef = 484ED35C1963C135006B9ACE /* Foundation.framework */; };
		484ED37E1963C135006B9ACE /* UIKit.framework in Frameworks */ = {isa = PBXBuildFile; fileRef = 484ED3601963C135006B9ACE /* UIKit.framework */; };
		484ED3861963C135006B9ACE /* InfoPlist.strings in Resources */ = {isa = PBXBuildFile; fileRef = 484ED3841963C135006B9ACE /* InfoPlist.strings */; };
		484ED3881963C135006B9ACE /* Quiz2Tests.m in Sources */ = {isa = PBXBuildFile; fileRef = 484ED3871963C135006B9ACE /* Quiz2Tests.m */; };
		484ED3941963C335006B9ACE /* View.xib in Resources */ = {isa = PBXBuildFile; fileRef = 484ED3931963C335006B9ACE /* View.xib */; };
/* End PBXBuildFile section */

/* Begin PBXContainerItemProxy section */
		484ED37F1963C135006B9ACE /* PBXContainerItemProxy */ = {
			isa = PBXContainerItemProxy;
			containerPortal = 484ED3511963C135006B9ACE /* Project object */;
			proxyType = 1;
			remoteGlobalIDString = 484ED3581963C135006B9ACE;
			remoteInfo = Quiz2;
		};
/* End PBXContainerItemProxy section */

/* Begin PBXFileReference section */
		484ED3591963C135006B9ACE /* Quiz2.app */ = {isa = PBXFileReference; explicitFileType = wrapper.application; includeInIndex = 0; path = Quiz2.app; sourceTree = BUILT_PRODUCTS_DIR; };
		484ED35C1963C135006B9ACE /* Foundation.framework */ = {isa = PBXFileReference; lastKnownFileType = wrapper.framework; name = Foundation.framework; path = System/Library/Frameworks/Foundation.framework; sourceTree = SDKROOT; };
		484ED35E1963C135006B9ACE /* CoreGraphics.framework */ = {isa = PBXFileReference; lastKnownFileType = wrapper.framework; name = CoreGraphics.framework; path = System/Library/Frameworks/CoreGraphics.framework; sourceTree = SDKROOT; };
		484ED3601963C135006B9ACE /* UIKit.framework */ = {isa = PBXFileReference; lastKnownFileType = wrapper.framework; name = UIKit.framework; path = System/Library/Frameworks/UIKit.framework; sourceTree = SDKROOT; };
		484ED3641963C135006B9ACE /* Quiz2-Info.plist */ = {isa = PBXFileReference; lastKnownFileType = text.plist.xml; path = "Quiz2-Info.plist"; sourceTree = "<group>"; };
		484ED3661963C135006B9ACE /* en */ = {isa = PBXFileReference; lastKnownFileType = text.plist.strings; name = en; path = en.lproj/InfoPlist.strings; sourceTree = "<group>"; };
		484ED3681963C135006B9ACE /* main.m */ = {isa = PBXFileReference; lastKnownFileType = sourcecode.c.objc; path = main.m; sourceTree = "<group>"; };
		484ED36A1963C135006B9ACE /* Quiz2-Prefix.pch */ = {isa = PBXFileReference; lastKnownFileType = sourcecode.c.h; path = "Quiz2-Prefix.pch"; sourceTree = "<group>"; };
		484ED36B1963C135006B9ACE /* QuizAppDelegate.h */ = {isa = PBXFileReference; lastKnownFileType = sourcecode.c.h; path = QuizAppDelegate.h; sourceTree = "<group>"; };
		484ED36C1963C135006B9ACE /* QuizAppDelegate.m */ = {isa = PBXFileReference; lastKnownFileType = sourcecode.c.objc; path = QuizAppDelegate.m; sourceTree = "<group>"; };
		484ED3711963C135006B9ACE /* QuizViewController.h */ = {isa = PBXFileReference; lastKnownFileType = sourcecode.c.h; path = QuizViewController.h; sourceTree = "<group>"; };
		484ED3721963C135006B9ACE /* QuizViewController.m */ = {isa = PBXFileReference; lastKnownFileType = sourcecode.c.objc; path = QuizViewController.m; sourceTree = "<group>"; };
		484ED3741963C135006B9ACE /* Images.xcassets */ = {isa = PBXFileReference; lastKnownFileType = folder.assetcatalog; path = Images.xcassets; sourceTree = "<group>"; };
		484ED37A1963C135006B9ACE /* Quiz2Tests.xctest */ = {isa = PBXFileReference; explicitFileType = wrapper.cfbundle; includeInIndex = 0; path = Quiz2Tests.xctest; sourceTree = BUILT_PRODUCTS_DIR; };
		484ED37B1963C135006B9ACE /* XCTest.framework */ = {isa = PBXFileReference; lastKnownFileType = wrapper.framework; name = XCTest.framework; path = Library/Frameworks/XCTest.framework; sourceTree = DEVELOPER_DIR; };
		484ED3831963C135006B9ACE /* Quiz2Tests-Info.plist */ = {isa = PBXFileReference; lastKnownFileType = text.plist.xml; path = "Quiz2Tests-Info.plist"; sourceTree = "<group>"; };
		484ED3851963C135006B9ACE /* en */ = {isa = PBXFileReference; lastKnownFileType = text.plist.strings; name = en; path = en.lproj/InfoPlist.strings; sourceTree = "<group>"; };
		484ED3871963C135006B9ACE /* Quiz2Tests.m */ = {isa = PBXFileReference; lastKnownFileType = sourcecode.c.objc; path = Quiz2Tests.m; sourceTree = "<group>"; };
		484ED3931963C335006B9ACE /* View.xib */ = {isa = PBXFileReference; fileEncoding = 4; lastKnownFileType = file.xib; name = View.xib; path = ../View.xib; sourceTree = "<group>"; };
/* End PBXFileReference section */

/* Begin PBXFrameworksBuildPhase section */
		484ED3561963C135006B9ACE /* Frameworks */ = {
			isa = PBXFrameworksBuildPhase;
			buildActionMask = 2147483647;
			files = (
				484ED35F1963C135006B9ACE /* CoreGraphics.framework in Frameworks */,
				484ED3611963C135006B9ACE /* UIKit.framework in Frameworks */,
				484ED35D1963C135006B9ACE /* Foundation.framework in Frameworks */,
			);
			runOnlyForDeploymentPostprocessing = 0;
		};
		484ED3771963C135006B9ACE /* Frameworks */ = {
			isa = PBXFrameworksBuildPhase;
			buildActionMask = 2147483647;
			files = (
				484ED37C1963C135006B9ACE /* XCTest.framework in Frameworks */,
				484ED37E1963C135006B9ACE /* UIKit.framework in Frameworks */,
				484ED37D1963C135006B9ACE /* Foundation.framework in Frameworks */,
			);
			runOnlyForDeploymentPostprocessing = 0;
		};
/* End PBXFrameworksBuildPhase section */

/* Begin PBXGroup section */
		484ED3501963C135006B9ACE = {
			isa = PBXGroup;
			children = (
				484ED3621963C135006B9ACE /* Quiz2 */,
				484ED3811963C135006B9ACE /* Quiz2Tests */,
				484ED35B1963C135006B9ACE /* Frameworks */,
				484ED35A1963C135006B9ACE /* Products */,
			);
			sourceTree = "<group>";
		};
		484ED35A1963C135006B9ACE /* Products */ = {
			isa = PBXGroup;
			children = (
				484ED3591963C135006B9ACE /* Quiz2.app */,
				484ED37A1963C135006B9ACE /* Quiz2Tests.xctest */,
			);
			name = Products;
			sourceTree = "<group>";
		};
		484ED35B1963C135006B9ACE /* Frameworks */ = {
			isa = PBXGroup;
			children = (
				484ED35C1963C135006B9ACE /* Foundation.framework */,
				484ED35E1963C135006B9ACE /* CoreGraphics.framework */,
				484ED3601963C135006B9ACE /* UIKit.framework */,
				484ED37B1963C135006B9ACE /* XCTest.framework */,
			);
			name = Frameworks;
			sourceTree = "<group>";
		};
		484ED3621963C135006B9ACE /* Quiz2 */ = {
			isa = PBXGroup;
			children = (
				484ED3931963C335006B9ACE /* View.xib */,
				484ED36B1963C135006B9ACE /* QuizAppDelegate.h */,
				484ED36C1963C135006B9ACE /* QuizAppDelegate.m */,
				484ED3711963C135006B9ACE /* QuizViewController.h */,
				484ED3721963C135006B9ACE /* QuizViewController.m */,
				484ED3741963C135006B9ACE /* Images.xcassets */,
				484ED3631963C135006B9ACE /* Supporting Files */,
			);
			path = Quiz2;
			sourceTree = "<group>";
		};
		484ED3631963C135006B9ACE /* Supporting Files */ = {
			isa = PBXGroup;
			children = (
				484ED3641963C135006B9ACE /* Quiz2-Info.plist */,
				484ED3651963C135006B9ACE /* InfoPlist.strings */,
				484ED3681963C135006B9ACE /* main.m */,
				484ED36A1963C135006B9ACE /* Quiz2-Prefix.pch */,
			);
			name = "Supporting Files";
			sourceTree = "<group>";
		};
		484ED3811963C135006B9ACE /* Quiz2Tests */ = {
			isa = PBXGroup;
			children = (
				484ED3871963C135006B9ACE /* Quiz2Tests.m */,
				484ED3821963C135006B9ACE /* Supporting Files */,
			);
			path = Quiz2Tests;
			sourceTree = "<group>";
		};
		484ED3821963C135006B9ACE /* Supporting Files */ = {
			isa = PBXGroup;
			children = (
				484ED3831963C135006B9ACE /* Quiz2Tests-Info.plist */,
				484ED3841963C135006B9ACE /* InfoPlist.strings */,
			);
			name = "Supporting Files";
			sourceTree = "<group>";
		};
/* End PBXGroup section */

/* Begin PBXNativeTarget section */
		484ED3581963C135006B9ACE /* Quiz2 */ = {
			isa = PBXNativeTarget;
			buildConfigurationList = 484ED38B1963C135006B9ACE /* Build configuration list for PBXNativeTarget "Quiz2" */;
			buildPhases = (
				484ED3551963C135006B9ACE /* Sources */,
				484ED3561963C135006B9ACE /* Frameworks */,
				484ED3571963C135006B9ACE /* Resources */,
			);
			buildRules = (
			);
			dependencies = (
			);
			name = Quiz2;
			productName = Quiz2;
			productReference = 484ED3591963C135006B9ACE /* Quiz2.app */;
			productType = "com.apple.product-type.application";
		};
		484ED3791963C135006B9ACE /* Quiz2Tests */ = {
			isa = PBXNativeTarget;
			buildConfigurationList = 484ED38E1963C135006B9ACE /* Build configuration list for PBXNativeTarget "Quiz2Tests" */;
			buildPhases = (
				484ED3761963C135006B9ACE /* Sources */,
				484ED3771963C135006B9ACE /* Frameworks */,
				484ED3781963C135006B9ACE /* Resources */,
			);
			buildRules = (
			);
			dependencies = (
				484ED3801963C135006B9ACE /* PBXTargetDependency */,
			);
			name = Quiz2Tests;
			productName = Quiz2Tests;
			productReference = 484ED37A1963C135006B9ACE /* Quiz2Tests.xctest */;
			productType = "com.apple.product-type.bundle.unit-test";
		};
/* End PBXNativeTarget section */

/* Begin PBXProject section */
		484ED3511963C135006B9ACE /* Project object */ = {
			isa = PBXProject;
			attributes = {
				CLASSPREFIX = Quiz;
				LastUpgradeCheck = 0510;
				ORGANIZATIONNAME = "Alex Danilychev, Jr.";
				TargetAttributes = {
					484ED3791963C135006B9ACE = {
						TestTargetID = 484ED3581963C135006B9ACE;
					};
				};
			};
			buildConfigurationList = 484ED3541963C135006B9ACE /* Build configuration list for PBXProject "Quiz2" */;
			compatibilityVersion = "Xcode 3.2";
			developmentRegion = English;
			hasScannedForEncodings = 0;
			knownRegions = (
				en,
				Base,
			);
			mainGroup = 484ED3501963C135006B9ACE;
			productRefGroup = 484ED35A1963C135006B9ACE /* Products */;
			projectDirPath = "";
			projectRoot = "";
			targets = (
				484ED3581963C135006B9ACE /* Quiz2 */,
				484ED3791963C135006B9ACE /* Quiz2Tests */,
			);
		};
/* End PBXProject section */

/* Begin PBXResourcesBuildPhase section */
		484ED3571963C135006B9ACE /* Resources */ = {
			isa = PBXResourcesBuildPhase;
			buildActionMask = 2147483647;
			files = (
				484ED3751963C135006B9ACE /* Images.xcassets in Resources */,
				484ED3941963C335006B9ACE /* View.xib in Resources */,
				484ED3671963C135006B9ACE /* InfoPlist.strings in Resources */,
			);
			runOnlyForDeploymentPostprocessing = 0;
		};
		484ED3781963C135006B9ACE /* Resources */ = {
			isa = PBXResourcesBuildPhase;
			buildActionMask = 2147483647;
			files = (
				484ED3861963C135006B9ACE /* InfoPlist.strings in Resources */,
			);
			runOnlyForDeploymentPostprocessing = 0;
		};
/* End PBXResourcesBuildPhase section */

/* Begin PBXSourcesBuildPhase section */
		484ED3551963C135006B9ACE /* Sources */ = {
			isa = PBXSourcesBuildPhase;
			buildActionMask = 2147483647;
			files = (
				484ED3691963C135006B9ACE /* main.m in Sources */,
				484ED36D1963C135006B9ACE /* QuizAppDelegate.m in Sources */,
				484ED3731963C135006B9ACE /* QuizViewController.m in Sources */,
			);
			runOnlyForDeploymentPostprocessing = 0;
		};
		484ED3761963C135006B9ACE /* Sources */ = {
			isa = PBXSourcesBuildPhase;
			buildActionMask = 2147483647;
			files = (
				484ED3881963C135006B9ACE /* Quiz2Tests.m in Sources */,
			);
			runOnlyForDeploymentPostprocessing = 0;
		};
/* End PBXSourcesBuildPhase section */

/* Begin PBXTargetDependency section */
		484ED3801963C135006B9ACE /* PBXTargetDependency */ = {
			isa = PBXTargetDependency;
			target = 484ED3581963C135006B9ACE /* Quiz2 */;
			targetProxy = 484ED37F1963C135006B9ACE /* PBXContainerItemProxy */;
		};
/* End PBXTargetDependency section */

/* Begin PBXVariantGroup section */
		484ED3651963C135006B9ACE /* InfoPlist.strings */ = {
			isa = PBXVariantGroup;
			children = (
				484ED3661963C135006B9ACE /* en */,
			);
			name = InfoPlist.strings;
			sourceTree = "<group>";
		};
		484ED3841963C135006B9ACE /* InfoPlist.strings */ = {
			isa = PBXVariantGroup;
			children = (
				484ED3851963C135006B9ACE /* en */,
			);
			name = InfoPlist.strings;
			sourceTree = "<group>";
		};
/* End PBXVariantGroup section */

/* Begin XCBuildConfiguration section */
		484ED3891963C135006B9ACE /* Debug */ = {
			isa = XCBuildConfiguration;
			buildSettings = {
				ALWAYS_SEARCH_USER_PATHS = NO;
				CLANG_CXX_LANGUAGE_STANDARD = "gnu++0x";
				CLANG_CXX_LIBRARY = "libc++";
				CLANG_ENABLE_MODULES = YES;
				CLANG_ENABLE_OBJC_ARC = YES;
				CLANG_WARN_BOOL_CONVERSION = YES;
				CLANG_WARN_CONSTANT_CONVERSION = YES;
				CLANG_WARN_DIRECT_OBJC_ISA_USAGE = YES_ERROR;
				CLANG_WARN_EMPTY_BODY = YES;
				CLANG_WARN_ENUM_CONVERSION = YES;
				CLANG_WARN_INT_CONVERSION = YES;
				CLANG_WARN_OBJC_ROOT_CLASS = YES_ERROR;
				CLANG_WARN__DUPLICATE_METHOD_MATCH = YES;
				"CODE_SIGN_IDENTITY[sdk=iphoneos*]" = "iPhone Developer";
				COPY_PHASE_STRIP = NO;
				GCC_C_LANGUAGE_STANDARD = gnu99;
				GCC_DYNAMIC_NO_PIC = NO;
				GCC_OPTIMIZATION_LEVEL = 0;
				GCC_PREPROCESSOR_DEFINITIONS = (
					"DEBUG=1",
					"$(inherited)",
				);
				GCC_SYMBOLS_PRIVATE_EXTERN = NO;
				GCC_WARN_64_TO_32_BIT_CONVERSION = YES;
				GCC_WARN_ABOUT_RETURN_TYPE = YES_ERROR;
				GCC_WARN_UNDECLARED_SELECTOR = YES;
				GCC_WARN_UNINITIALIZED_AUTOS = YES_AGGRESSIVE;
				GCC_WARN_UNUSED_FUNCTION = YES;
				GCC_WARN_UNUSED_VARIABLE = YES;
				IPHONEOS_DEPLOYMENT_TARGET = 7.1;
				ONLY_ACTIVE_ARCH = YES;
				SDKROOT = iphoneos;
			};
			name = Debug;
		};
		484ED38A1963C135006B9ACE /* Release */ = {
			isa = XCBuildConfiguration;
			buildSettings = {
				ALWAYS_SEARCH_USER_PATHS = NO;
				CLANG_CXX_LANGUAGE_STANDARD = "gnu++0x";
				CLANG_CXX_LIBRARY = "libc++";
				CLANG_ENABLE_MODULES = YES;
				CLANG_ENABLE_OBJC_ARC = YES;
				CLANG_WARN_BOOL_CONVERSION = YES;
				CLANG_WARN_CONSTANT_CONVERSION = YES;
				CLANG_WARN_DIRECT_OBJC_ISA_USAGE = YES_ERROR;
				CLANG_WARN_EMPTY_BODY = YES;
				CLANG_WARN_ENUM_CONVERSION = YES;
				CLANG_WARN_INT_CONVERSION = YES;
				CLANG_WARN_OBJC_ROOT_CLASS = YES_ERROR;
				CLANG_WARN__DUPLICATE_METHOD_MATCH = YES;
				"CODE_SIGN_IDENTITY[sdk=iphoneos*]" = "iPhone Developer";
				COPY_PHASE_STRIP = YES;
				ENABLE_NS_ASSERTIONS = NO;
				GCC_C_LANGUAGE_STANDARD = gnu99;
				GCC_WARN_64_TO_32_BIT_CONVERSION = YES;
				GCC_WARN_ABOUT_RETURN_TYPE = YES_ERROR;
				GCC_WARN_UNDECLARED_SELECTOR = YES;
				GCC_WARN_UNINITIALIZED_AUTOS = YES_AGGRESSIVE;
				GCC_WARN_UNUSED_FUNCTION = YES;
				GCC_WARN_UNUSED_VARIABLE = YES;
				IPHONEOS_DEPLOYMENT_TARGET = 7.1;
				SDKROOT = iphoneos;
				VALIDATE_PRODUCT = YES;
			};
			name = Release;
		};
		484ED38C1963C135006B9ACE /* Debug */ = {
			isa = XCBuildConfiguration;
			buildSettings = {
				ASSETCATALOG_COMPILER_APPICON_NAME = AppIcon;
				ASSETCATALOG_COMPILER_LAUNCHIMAGE_NAME = LaunchImage;
				GCC_PRECOMPILE_PREFIX_HEADER = YES;
				GCC_PREFIX_HEADER = "Quiz2/Quiz2-Prefix.pch";
				INFOPLIST_FILE = "Quiz2/Quiz2-Info.plist";
				PRODUCT_NAME = "$(TARGET_NAME)";
				WRAPPER_EXTENSION = app;
			};
			name = Debug;
		};
		484ED38D1963C135006B9ACE /* Release */ = {
			isa = XCBuildConfiguration;
			buildSettings = {
				ASSETCATALOG_COMPILER_APPICON_NAME = AppIcon;
				ASSETCATALOG_COMPILER_LAUNCHIMAGE_NAME = LaunchImage;
				GCC_PRECOMPILE_PREFIX_HEADER = YES;
				GCC_PREFIX_HEADER = "Quiz2/Quiz2-Prefix.pch";
				INFOPLIST_FILE = "Quiz2/Quiz2-Info.plist";
				PRODUCT_NAME = "$(TARGET_NAME)";
				WRAPPER_EXTENSION = app;
			};
			name = Release;
		};
		484ED38F1963C135006B9ACE /* Debug */ = {
			isa = XCBuildConfiguration;
			buildSettings = {
				BUNDLE_LOADER = "$(BUILT_PRODUCTS_DIR)/Quiz2.app/Quiz2";
				FRAMEWORK_SEARCH_PATHS = (
					"$(SDKROOT)/Developer/Library/Frameworks",
					"$(inherited)",
					"$(DEVELOPER_FRAMEWORKS_DIR)",
				);
				GCC_PRECOMPILE_PREFIX_HEADER = YES;
				GCC_PREFIX_HEADER = "Quiz2/Quiz2-Prefix.pch";
				GCC_PREPROCESSOR_DEFINITIONS = (
					"DEBUG=1",
					"$(inherited)",
				);
				INFOPLIST_FILE = "Quiz2Tests/Quiz2Tests-Info.plist";
				PRODUCT_NAME = "$(TARGET_NAME)";
				TEST_HOST = "$(BUNDLE_LOADER)";
				WRAPPER_EXTENSION = xctest;
			};
			name = Debug;
		};
		484ED3901963C135006B9ACE /* Release */ = {
			isa = XCBuildConfiguration;
			buildSettings = {
				BUNDLE_LOADER = "$(BUILT_PRODUCTS_DIR)/Quiz2.app/Quiz2";
				FRAMEWORK_SEARCH_PATHS = (
					"$(SDKROOT)/Developer/Library/Frameworks",
					"$(inherited)",
					"$(DEVELOPER_FRAMEWORKS_DIR)",
				);
				GCC_PRECOMPILE_PREFIX_HEADER = YES;
				GCC_PREFIX_HEADER = "Quiz2/Quiz2-Prefix.pch";
				INFOPLIST_FILE = "Quiz2Tests/Quiz2Tests-Info.plist";
				PRODUCT_NAME = "$(TARGET_NAME)";
				TEST_HOST = "$(BUNDLE_LOADER)";
				WRAPPER_EXTENSION = xctest;
			};
			name = Release;
		};
/* End XCBuildConfiguration section */

/* Begin XCConfigurationList section */
		484ED3541963C135006B9ACE /* Build configuration list for PBXProject "Quiz2" */ = {
			isa = XCConfigurationList;
			buildConfigurations = (
				484ED3891963C135006B9ACE /* Debug */,
				484ED38A1963C135006B9ACE /* Release */,
			);
			defaultConfigurationIsVisible = 0;
			defaultConfigurationName = Release;
		};
		484ED38B1963C135006B9ACE /* Build configuration list for PBXNativeTarget "Quiz2" */ = {
			isa = XCConfigurationList;
			buildConfigurations = (
				484ED38C1963C135006B9ACE /* Debug */,
				484ED38D1963C135006B9ACE /* Release */,
			);
			defaultConfigurationIsVisible = 0;
		};
		484ED38E1963C135006B9ACE /* Build configuration list for PBXNativeTarget "Quiz2Tests" */ = {
			isa = XCConfigurationList;
			buildConfigurations = (
				484ED38F1963C135006B9ACE /* Debug */,
				484ED3901963C135006B9ACE /* Release */,
			);
			defaultConfigurationIsVisible = 0;
		};
/* End XCConfigurationList section */
	};
	rootObject = 484ED3511963C135006B9ACE /* Project object */;
}
