// !$*UTF8*$!
{
	archiveVersion = 1;
	classes = {
	};
	objectVersion = 46;
	objects = {

/* Begin PBXBuildFile section */
		484ED49B197797BE006B9ACE /* Foundation.framework in Frameworks */ = {isa = PBXBuildFile; fileRef = 484ED49A197797BE006B9ACE /* Foundation.framework */; };
		484ED49D197797BE006B9ACE /* CoreGraphics.framework in Frameworks */ = {isa = PBXBuildFile; fileRef = 484ED49C197797BE006B9ACE /* CoreGraphics.framework */; };
		484ED49F197797BE006B9ACE /* UIKit.framework in Frameworks */ = {isa = PBXBuildFile; fileRef = 484ED49E197797BE006B9ACE /* UIKit.framework */; };
		484ED4A5197797BE006B9ACE /* InfoPlist.strings in Resources */ = {isa = PBXBuildFile; fileRef = 484ED4A3197797BE006B9ACE /* InfoPlist.strings */; };
		484ED4A7197797BE006B9ACE /* main.m in Sources */ = {isa = PBXBuildFile; fileRef = 484ED4A6197797BE006B9ACE /* main.m */; };
		484ED4AB197797BE006B9ACE /* BNRAppDelegate.m in Sources */ = {isa = PBXBuildFile; fileRef = 484ED4AA197797BE006B9ACE /* BNRAppDelegate.m */; };
		484ED4AD197797BE006B9ACE /* Images.xcassets in Resources */ = {isa = PBXBuildFile; fileRef = 484ED4AC197797BE006B9ACE /* Images.xcassets */; };
		484ED4B4197797BE006B9ACE /* XCTest.framework in Frameworks */ = {isa = PBXBuildFile; fileRef = 484ED4B3197797BE006B9ACE /* XCTest.framework */; };
		484ED4B5197797BE006B9ACE /* Foundation.framework in Frameworks */ = {isa = PBXBuildFile; fileRef = 484ED49A197797BE006B9ACE /* Foundation.framework */; };
		484ED4B6197797BE006B9ACE /* UIKit.framework in Frameworks */ = {isa = PBXBuildFile; fileRef = 484ED49E197797BE006B9ACE /* UIKit.framework */; };
		484ED4BE197797BE006B9ACE /* InfoPlist.strings in Resources */ = {isa = PBXBuildFile; fileRef = 484ED4BC197797BE006B9ACE /* InfoPlist.strings */; };
		484ED4C0197797BE006B9ACE /* HomepwnerTests.m in Sources */ = {isa = PBXBuildFile; fileRef = 484ED4BF197797BE006B9ACE /* HomepwnerTests.m */; };
		484ED4CB197798C0006B9ACE /* BNRItemsViewController.m in Sources */ = {isa = PBXBuildFile; fileRef = 484ED4CA197798C0006B9ACE /* BNRItemsViewController.m */; };
		484ED4CE19779A81006B9ACE /* BNRItem.m in Sources */ = {isa = PBXBuildFile; fileRef = 484ED4CD19779A81006B9ACE /* BNRItem.m */; };
		484ED4D119779B2E006B9ACE /* BNRItemStore.m in Sources */ = {isa = PBXBuildFile; fileRef = 484ED4D019779B2E006B9ACE /* BNRItemStore.m */; };
		484ED4D91985FEE0006B9ACE /* BNRDetailViewController.m in Sources */ = {isa = PBXBuildFile; fileRef = 484ED4D71985FEE0006B9ACE /* BNRDetailViewController.m */; };
		484ED4DA1985FEE0006B9ACE /* BNRDetailViewController.xib in Resources */ = {isa = PBXBuildFile; fileRef = 484ED4D81985FEE0006B9ACE /* BNRDetailViewController.xib */; };
		484ED4DD1988ACC9006B9ACE /* BNRImageStore.m in Sources */ = {isa = PBXBuildFile; fileRef = 484ED4DC1988ACC9006B9ACE /* BNRImageStore.m */; };
/* End PBXBuildFile section */

/* Begin PBXContainerItemProxy section */
		484ED4B7197797BE006B9ACE /* PBXContainerItemProxy */ = {
			isa = PBXContainerItemProxy;
			containerPortal = 484ED48F197797BE006B9ACE /* Project object */;
			proxyType = 1;
			remoteGlobalIDString = 484ED496197797BE006B9ACE;
			remoteInfo = Homepwner;
		};
/* End PBXContainerItemProxy section */

/* Begin PBXFileReference section */
		484ED497197797BE006B9ACE /* Homepwner.app */ = {isa = PBXFileReference; explicitFileType = wrapper.application; includeInIndex = 0; path = Homepwner.app; sourceTree = BUILT_PRODUCTS_DIR; };
		484ED49A197797BE006B9ACE /* Foundation.framework */ = {isa = PBXFileReference; lastKnownFileType = wrapper.framework; name = Foundation.framework; path = System/Library/Frameworks/Foundation.framework; sourceTree = SDKROOT; };
		484ED49C197797BE006B9ACE /* CoreGraphics.framework */ = {isa = PBXFileReference; lastKnownFileType = wrapper.framework; name = CoreGraphics.framework; path = System/Library/Frameworks/CoreGraphics.framework; sourceTree = SDKROOT; };
		484ED49E197797BE006B9ACE /* UIKit.framework */ = {isa = PBXFileReference; lastKnownFileType = wrapper.framework; name = UIKit.framework; path = System/Library/Frameworks/UIKit.framework; sourceTree = SDKROOT; };
		484ED4A2197797BE006B9ACE /* Homepwner-Info.plist */ = {isa = PBXFileReference; lastKnownFileType = text.plist.xml; path = "Homepwner-Info.plist"; sourceTree = "<group>"; };
		484ED4A4197797BE006B9ACE /* en */ = {isa = PBXFileReference; lastKnownFileType = text.plist.strings; name = en; path = en.lproj/InfoPlist.strings; sourceTree = "<group>"; };
		484ED4A6197797BE006B9ACE /* main.m */ = {isa = PBXFileReference; lastKnownFileType = sourcecode.c.objc; path = main.m; sourceTree = "<group>"; };
		484ED4A8197797BE006B9ACE /* Homepwner-Prefix.pch */ = {isa = PBXFileReference; lastKnownFileType = sourcecode.c.h; path = "Homepwner-Prefix.pch"; sourceTree = "<group>"; };
		484ED4A9197797BE006B9ACE /* BNRAppDelegate.h */ = {isa = PBXFileReference; lastKnownFileType = sourcecode.c.h; path = BNRAppDelegate.h; sourceTree = "<group>"; };
		484ED4AA197797BE006B9ACE /* BNRAppDelegate.m */ = {isa = PBXFileReference; lastKnownFileType = sourcecode.c.objc; path = BNRAppDelegate.m; sourceTree = "<group>"; };
		484ED4AC197797BE006B9ACE /* Images.xcassets */ = {isa = PBXFileReference; lastKnownFileType = folder.assetcatalog; path = Images.xcassets; sourceTree = "<group>"; };
		484ED4B2197797BE006B9ACE /* HomepwnerTests.xctest */ = {isa = PBXFileReference; explicitFileType = wrapper.cfbundle; includeInIndex = 0; path = HomepwnerTests.xctest; sourceTree = BUILT_PRODUCTS_DIR; };
		484ED4B3197797BE006B9ACE /* XCTest.framework */ = {isa = PBXFileReference; lastKnownFileType = wrapper.framework; name = XCTest.framework; path = Library/Frameworks/XCTest.framework; sourceTree = DEVELOPER_DIR; };
		484ED4BB197797BE006B9ACE /* HomepwnerTests-Info.plist */ = {isa = PBXFileReference; lastKnownFileType = text.plist.xml; path = "HomepwnerTests-Info.plist"; sourceTree = "<group>"; };
		484ED4BD197797BE006B9ACE /* en */ = {isa = PBXFileReference; lastKnownFileType = text.plist.strings; name = en; path = en.lproj/InfoPlist.strings; sourceTree = "<group>"; };
		484ED4BF197797BE006B9ACE /* HomepwnerTests.m */ = {isa = PBXFileReference; lastKnownFileType = sourcecode.c.objc; path = HomepwnerTests.m; sourceTree = "<group>"; };
		484ED4C9197798C0006B9ACE /* BNRItemsViewController.h */ = {isa = PBXFileReference; fileEncoding = 4; lastKnownFileType = sourcecode.c.h; path = BNRItemsViewController.h; sourceTree = "<group>"; };
		484ED4CA197798C0006B9ACE /* BNRItemsViewController.m */ = {isa = PBXFileReference; fileEncoding = 4; lastKnownFileType = sourcecode.c.objc; path = BNRItemsViewController.m; sourceTree = "<group>"; };
		484ED4CC19779A81006B9ACE /* BNRItem.h */ = {isa = PBXFileReference; fileEncoding = 4; lastKnownFileType = sourcecode.c.h; path = BNRItem.h; sourceTree = "<group>"; };
		484ED4CD19779A81006B9ACE /* BNRItem.m */ = {isa = PBXFileReference; fileEncoding = 4; lastKnownFileType = sourcecode.c.objc; path = BNRItem.m; sourceTree = "<group>"; };
		484ED4CF19779B2E006B9ACE /* BNRItemStore.h */ = {isa = PBXFileReference; fileEncoding = 4; lastKnownFileType = sourcecode.c.h; path = BNRItemStore.h; sourceTree = "<group>"; };
		484ED4D019779B2E006B9ACE /* BNRItemStore.m */ = {isa = PBXFileReference; fileEncoding = 4; lastKnownFileType = sourcecode.c.objc; path = BNRItemStore.m; sourceTree = "<group>"; };
		484ED4D61985FEE0006B9ACE /* BNRDetailViewController.h */ = {isa = PBXFileReference; fileEncoding = 4; lastKnownFileType = sourcecode.c.h; path = BNRDetailViewController.h; sourceTree = "<group>"; };
		484ED4D71985FEE0006B9ACE /* BNRDetailViewController.m */ = {isa = PBXFileReference; fileEncoding = 4; lastKnownFileType = sourcecode.c.objc; path = BNRDetailViewController.m; sourceTree = "<group>"; };
		484ED4D81985FEE0006B9ACE /* BNRDetailViewController.xib */ = {isa = PBXFileReference; fileEncoding = 4; lastKnownFileType = file.xib; path = BNRDetailViewController.xib; sourceTree = "<group>"; };
		484ED4DB1988ACC9006B9ACE /* BNRImageStore.h */ = {isa = PBXFileReference; fileEncoding = 4; lastKnownFileType = sourcecode.c.h; path = BNRImageStore.h; sourceTree = "<group>"; };
		484ED4DC1988ACC9006B9ACE /* BNRImageStore.m */ = {isa = PBXFileReference; fileEncoding = 4; lastKnownFileType = sourcecode.c.objc; path = BNRImageStore.m; sourceTree = "<group>"; };
/* End PBXFileReference section */

/* Begin PBXFrameworksBuildPhase section */
		484ED494197797BE006B9ACE /* Frameworks */ = {
			isa = PBXFrameworksBuildPhase;
			buildActionMask = 2147483647;
			files = (
				484ED49D197797BE006B9ACE /* CoreGraphics.framework in Frameworks */,
				484ED49F197797BE006B9ACE /* UIKit.framework in Frameworks */,
				484ED49B197797BE006B9ACE /* Foundation.framework in Frameworks */,
			);
			runOnlyForDeploymentPostprocessing = 0;
		};
		484ED4AF197797BE006B9ACE /* Frameworks */ = {
			isa = PBXFrameworksBuildPhase;
			buildActionMask = 2147483647;
			files = (
				484ED4B4197797BE006B9ACE /* XCTest.framework in Frameworks */,
				484ED4B6197797BE006B9ACE /* UIKit.framework in Frameworks */,
				484ED4B5197797BE006B9ACE /* Foundation.framework in Frameworks */,
			);
			runOnlyForDeploymentPostprocessing = 0;
		};
/* End PBXFrameworksBuildPhase section */

/* Begin PBXGroup section */
		484ED48E197797BE006B9ACE = {
			isa = PBXGroup;
			children = (
				484ED4A0197797BE006B9ACE /* Homepwner */,
				484ED4B9197797BE006B9ACE /* HomepwnerTests */,
				484ED499197797BE006B9ACE /* Frameworks */,
				484ED498197797BE006B9ACE /* Products */,
			);
			sourceTree = "<group>";
		};
		484ED498197797BE006B9ACE /* Products */ = {
			isa = PBXGroup;
			children = (
				484ED497197797BE006B9ACE /* Homepwner.app */,
				484ED4B2197797BE006B9ACE /* HomepwnerTests.xctest */,
			);
			name = Products;
			sourceTree = "<group>";
		};
		484ED499197797BE006B9ACE /* Frameworks */ = {
			isa = PBXGroup;
			children = (
				484ED49A197797BE006B9ACE /* Foundation.framework */,
				484ED49C197797BE006B9ACE /* CoreGraphics.framework */,
				484ED49E197797BE006B9ACE /* UIKit.framework */,
				484ED4B3197797BE006B9ACE /* XCTest.framework */,
			);
			name = Frameworks;
			sourceTree = "<group>";
		};
		484ED4A0197797BE006B9ACE /* Homepwner */ = {
			isa = PBXGroup;
			children = (
				484ED4CF19779B2E006B9ACE /* BNRItemStore.h */,
				484ED4D019779B2E006B9ACE /* BNRItemStore.m */,
				484ED4DB1988ACC9006B9ACE /* BNRImageStore.h */,
				484ED4DC1988ACC9006B9ACE /* BNRImageStore.m */,
				484ED4CC19779A81006B9ACE /* BNRItem.h */,
				484ED4CD19779A81006B9ACE /* BNRItem.m */,
				484ED4C9197798C0006B9ACE /* BNRItemsViewController.h */,
				484ED4CA197798C0006B9ACE /* BNRItemsViewController.m */,
				484ED4A9197797BE006B9ACE /* BNRAppDelegate.h */,
				484ED4AA197797BE006B9ACE /* BNRAppDelegate.m */,
				484ED4D61985FEE0006B9ACE /* BNRDetailViewController.h */,
				484ED4D71985FEE0006B9ACE /* BNRDetailViewController.m */,
				484ED4D81985FEE0006B9ACE /* BNRDetailViewController.xib */,
				484ED4AC197797BE006B9ACE /* Images.xcassets */,
				484ED4A1197797BE006B9ACE /* Supporting Files */,
			);
			path = Homepwner;
			sourceTree = "<group>";
		};
		484ED4A1197797BE006B9ACE /* Supporting Files */ = {
			isa = PBXGroup;
			children = (
				484ED4A2197797BE006B9ACE /* Homepwner-Info.plist */,
				484ED4A3197797BE006B9ACE /* InfoPlist.strings */,
				484ED4A6197797BE006B9ACE /* main.m */,
				484ED4A8197797BE006B9ACE /* Homepwner-Prefix.pch */,
			);
			name = "Supporting Files";
			sourceTree = "<group>";
		};
		484ED4B9197797BE006B9ACE /* HomepwnerTests */ = {
			isa = PBXGroup;
			children = (
				484ED4BF197797BE006B9ACE /* HomepwnerTests.m */,
				484ED4BA197797BE006B9ACE /* Supporting Files */,
			);
			path = HomepwnerTests;
			sourceTree = "<group>";
		};
		484ED4BA197797BE006B9ACE /* Supporting Files */ = {
			isa = PBXGroup;
			children = (
				484ED4BB197797BE006B9ACE /* HomepwnerTests-Info.plist */,
				484ED4BC197797BE006B9ACE /* InfoPlist.strings */,
			);
			name = "Supporting Files";
			sourceTree = "<group>";
		};
/* End PBXGroup section */

/* Begin PBXNativeTarget section */
		484ED496197797BE006B9ACE /* Homepwner */ = {
			isa = PBXNativeTarget;
			buildConfigurationList = 484ED4C3197797BE006B9ACE /* Build configuration list for PBXNativeTarget "Homepwner" */;
			buildPhases = (
				484ED493197797BE006B9ACE /* Sources */,
				484ED494197797BE006B9ACE /* Frameworks */,
				484ED495197797BE006B9ACE /* Resources */,
			);
			buildRules = (
			);
			dependencies = (
			);
			name = Homepwner;
			productName = Homepwner;
			productReference = 484ED497197797BE006B9ACE /* Homepwner.app */;
			productType = "com.apple.product-type.application";
		};
		484ED4B1197797BE006B9ACE /* HomepwnerTests */ = {
			isa = PBXNativeTarget;
			buildConfigurationList = 484ED4C6197797BE006B9ACE /* Build configuration list for PBXNativeTarget "HomepwnerTests" */;
			buildPhases = (
				484ED4AE197797BE006B9ACE /* Sources */,
				484ED4AF197797BE006B9ACE /* Frameworks */,
				484ED4B0197797BE006B9ACE /* Resources */,
			);
			buildRules = (
			);
			dependencies = (
				484ED4B8197797BE006B9ACE /* PBXTargetDependency */,
			);
			name = HomepwnerTests;
			productName = HomepwnerTests;
			productReference = 484ED4B2197797BE006B9ACE /* HomepwnerTests.xctest */;
			productType = "com.apple.product-type.bundle.unit-test";
		};
/* End PBXNativeTarget section */

/* Begin PBXProject section */
		484ED48F197797BE006B9ACE /* Project object */ = {
			isa = PBXProject;
			attributes = {
				CLASSPREFIX = BNR;
				LastUpgradeCheck = 0510;
				ORGANIZATIONNAME = "Alex Danilychev, Jr.";
				TargetAttributes = {
					484ED4B1197797BE006B9ACE = {
						TestTargetID = 484ED496197797BE006B9ACE;
					};
				};
			};
			buildConfigurationList = 484ED492197797BE006B9ACE /* Build configuration list for PBXProject "Homepwner" */;
			compatibilityVersion = "Xcode 3.2";
			developmentRegion = English;
			hasScannedForEncodings = 0;
			knownRegions = (
				en,
			);
			mainGroup = 484ED48E197797BE006B9ACE;
			productRefGroup = 484ED498197797BE006B9ACE /* Products */;
			projectDirPath = "";
			projectRoot = "";
			targets = (
				484ED496197797BE006B9ACE /* Homepwner */,
				484ED4B1197797BE006B9ACE /* HomepwnerTests */,
			);
		};
/* End PBXProject section */

/* Begin PBXResourcesBuildPhase section */
		484ED495197797BE006B9ACE /* Resources */ = {
			isa = PBXResourcesBuildPhase;
			buildActionMask = 2147483647;
			files = (
				484ED4DA1985FEE0006B9ACE /* BNRDetailViewController.xib in Resources */,
				484ED4A5197797BE006B9ACE /* InfoPlist.strings in Resources */,
				484ED4AD197797BE006B9ACE /* Images.xcassets in Resources */,
			);
			runOnlyForDeploymentPostprocessing = 0;
		};
		484ED4B0197797BE006B9ACE /* Resources */ = {
			isa = PBXResourcesBuildPhase;
			buildActionMask = 2147483647;
			files = (
				484ED4BE197797BE006B9ACE /* InfoPlist.strings in Resources */,
			);
			runOnlyForDeploymentPostprocessing = 0;
		};
/* End PBXResourcesBuildPhase section */

/* Begin PBXSourcesBuildPhase section */
		484ED493197797BE006B9ACE /* Sources */ = {
			isa = PBXSourcesBuildPhase;
			buildActionMask = 2147483647;
			files = (
				484ED4D91985FEE0006B9ACE /* BNRDetailViewController.m in Sources */,
				484ED4D119779B2E006B9ACE /* BNRItemStore.m in Sources */,
				484ED4DD1988ACC9006B9ACE /* BNRImageStore.m in Sources */,
				484ED4CB197798C0006B9ACE /* BNRItemsViewController.m in Sources */,
				484ED4CE19779A81006B9ACE /* BNRItem.m in Sources */,
				484ED4A7197797BE006B9ACE /* main.m in Sources */,
				484ED4AB197797BE006B9ACE /* BNRAppDelegate.m in Sources */,
			);
			runOnlyForDeploymentPostprocessing = 0;
		};
		484ED4AE197797BE006B9ACE /* Sources */ = {
			isa = PBXSourcesBuildPhase;
			buildActionMask = 2147483647;
			files = (
				484ED4C0197797BE006B9ACE /* HomepwnerTests.m in Sources */,
			);
			runOnlyForDeploymentPostprocessing = 0;
		};
/* End PBXSourcesBuildPhase section */

/* Begin PBXTargetDependency section */
		484ED4B8197797BE006B9ACE /* PBXTargetDependency */ = {
			isa = PBXTargetDependency;
			target = 484ED496197797BE006B9ACE /* Homepwner */;
			targetProxy = 484ED4B7197797BE006B9ACE /* PBXContainerItemProxy */;
		};
/* End PBXTargetDependency section */

/* Begin PBXVariantGroup section */
		484ED4A3197797BE006B9ACE /* InfoPlist.strings */ = {
			isa = PBXVariantGroup;
			children = (
				484ED4A4197797BE006B9ACE /* en */,
			);
			name = InfoPlist.strings;
			sourceTree = "<group>";
		};
		484ED4BC197797BE006B9ACE /* InfoPlist.strings */ = {
			isa = PBXVariantGroup;
			children = (
				484ED4BD197797BE006B9ACE /* en */,
			);
			name = InfoPlist.strings;
			sourceTree = "<group>";
		};
/* End PBXVariantGroup section */

/* Begin XCBuildConfiguration section */
		484ED4C1197797BE006B9ACE /* Debug */ = {
			isa = XCBuildConfiguration;
			buildSettings = {
				ALWAYS_SEARCH_USER_PATHS = NO;
				CLANG_CXX_LANGUAGE_STANDARD = "gnu++0x";
				CLANG_CXX_LIBRARY = "libc++";
				CLANG_ENABLE_MODULES = YES;
				CLANG_ENABLE_OBJC_ARC = YES;
				CLANG_WARN_BOOL_CONVERSION = YES;
				CLANG_WARN_CONSTANT_CONVERSION = YES;
				CLANG_WARN_DIRECT_OBJC_ISA_USAGE = YES_ERROR;
				CLANG_WARN_EMPTY_BODY = YES;
				CLANG_WARN_ENUM_CONVERSION = YES;
				CLANG_WARN_INT_CONVERSION = YES;
				CLANG_WARN_OBJC_ROOT_CLASS = YES_ERROR;
				CLANG_WARN__DUPLICATE_METHOD_MATCH = YES;
				"CODE_SIGN_IDENTITY[sdk=iphoneos*]" = "iPhone Developer";
				COPY_PHASE_STRIP = NO;
				GCC_C_LANGUAGE_STANDARD = gnu99;
				GCC_DYNAMIC_NO_PIC = NO;
				GCC_OPTIMIZATION_LEVEL = 0;
				GCC_PREPROCESSOR_DEFINITIONS = (
					"DEBUG=1",
					"$(inherited)",
				);
				GCC_SYMBOLS_PRIVATE_EXTERN = NO;
				GCC_WARN_64_TO_32_BIT_CONVERSION = YES;
				GCC_WARN_ABOUT_RETURN_TYPE = YES_ERROR;
				GCC_WARN_UNDECLARED_SELECTOR = YES;
				GCC_WARN_UNINITIALIZED_AUTOS = YES_AGGRESSIVE;
				GCC_WARN_UNUSED_FUNCTION = YES;
				GCC_WARN_UNUSED_VARIABLE = YES;
				IPHONEOS_DEPLOYMENT_TARGET = 7.1;
				ONLY_ACTIVE_ARCH = YES;
				SDKROOT = iphoneos;
			};
			name = Debug;
		};
		484ED4C2197797BE006B9ACE /* Release */ = {
			isa = XCBuildConfiguration;
			buildSettings = {
				ALWAYS_SEARCH_USER_PATHS = NO;
				CLANG_CXX_LANGUAGE_STANDARD = "gnu++0x";
				CLANG_CXX_LIBRARY = "libc++";
				CLANG_ENABLE_MODULES = YES;
				CLANG_ENABLE_OBJC_ARC = YES;
				CLANG_WARN_BOOL_CONVERSION = YES;
				CLANG_WARN_CONSTANT_CONVERSION = YES;
				CLANG_WARN_DIRECT_OBJC_ISA_USAGE = YES_ERROR;
				CLANG_WARN_EMPTY_BODY = YES;
				CLANG_WARN_ENUM_CONVERSION = YES;
				CLANG_WARN_INT_CONVERSION = YES;
				CLANG_WARN_OBJC_ROOT_CLASS = YES_ERROR;
				CLANG_WARN__DUPLICATE_METHOD_MATCH = YES;
				"CODE_SIGN_IDENTITY[sdk=iphoneos*]" = "iPhone Developer";
				COPY_PHASE_STRIP = YES;
				ENABLE_NS_ASSERTIONS = NO;
				GCC_C_LANGUAGE_STANDARD = gnu99;
				GCC_WARN_64_TO_32_BIT_CONVERSION = YES;
				GCC_WARN_ABOUT_RETURN_TYPE = YES_ERROR;
				GCC_WARN_UNDECLARED_SELECTOR = YES;
				GCC_WARN_UNINITIALIZED_AUTOS = YES_AGGRESSIVE;
				GCC_WARN_UNUSED_FUNCTION = YES;
				GCC_WARN_UNUSED_VARIABLE = YES;
				IPHONEOS_DEPLOYMENT_TARGET = 7.1;
				SDKROOT = iphoneos;
				VALIDATE_PRODUCT = YES;
			};
			name = Release;
		};
		484ED4C4197797BE006B9ACE /* Debug */ = {
			isa = XCBuildConfiguration;
			buildSettings = {
				ASSETCATALOG_COMPILER_APPICON_NAME = AppIcon;
				ASSETCATALOG_COMPILER_LAUNCHIMAGE_NAME = LaunchImage;
				GCC_PRECOMPILE_PREFIX_HEADER = YES;
				GCC_PREFIX_HEADER = "Homepwner/Homepwner-Prefix.pch";
				INFOPLIST_FILE = "Homepwner/Homepwner-Info.plist";
				PRODUCT_NAME = "$(TARGET_NAME)";
				WRAPPER_EXTENSION = app;
			};
			name = Debug;
		};
		484ED4C5197797BE006B9ACE /* Release */ = {
			isa = XCBuildConfiguration;
			buildSettings = {
				ASSETCATALOG_COMPILER_APPICON_NAME = AppIcon;
				ASSETCATALOG_COMPILER_LAUNCHIMAGE_NAME = LaunchImage;
				GCC_PRECOMPILE_PREFIX_HEADER = YES;
				GCC_PREFIX_HEADER = "Homepwner/Homepwner-Prefix.pch";
				INFOPLIST_FILE = "Homepwner/Homepwner-Info.plist";
				PRODUCT_NAME = "$(TARGET_NAME)";
				WRAPPER_EXTENSION = app;
			};
			name = Release;
		};
		484ED4C7197797BE006B9ACE /* Debug */ = {
			isa = XCBuildConfiguration;
			buildSettings = {
				BUNDLE_LOADER = "$(BUILT_PRODUCTS_DIR)/Homepwner.app/Homepwner";
				FRAMEWORK_SEARCH_PATHS = (
					"$(SDKROOT)/Developer/Library/Frameworks",
					"$(inherited)",
					"$(DEVELOPER_FRAMEWORKS_DIR)",
				);
				GCC_PRECOMPILE_PREFIX_HEADER = YES;
				GCC_PREFIX_HEADER = "Homepwner/Homepwner-Prefix.pch";
				GCC_PREPROCESSOR_DEFINITIONS = (
					"DEBUG=1",
					"$(inherited)",
				);
				INFOPLIST_FILE = "HomepwnerTests/HomepwnerTests-Info.plist";
				PRODUCT_NAME = "$(TARGET_NAME)";
				TEST_HOST = "$(BUNDLE_LOADER)";
				WRAPPER_EXTENSION = xctest;
			};
			name = Debug;
		};
		484ED4C8197797BE006B9ACE /* Release */ = {
			isa = XCBuildConfiguration;
			buildSettings = {
				BUNDLE_LOADER = "$(BUILT_PRODUCTS_DIR)/Homepwner.app/Homepwner";
				FRAMEWORK_SEARCH_PATHS = (
					"$(SDKROOT)/Developer/Library/Frameworks",
					"$(inherited)",
					"$(DEVELOPER_FRAMEWORKS_DIR)",
				);
				GCC_PRECOMPILE_PREFIX_HEADER = YES;
				GCC_PREFIX_HEADER = "Homepwner/Homepwner-Prefix.pch";
				INFOPLIST_FILE = "HomepwnerTests/HomepwnerTests-Info.plist";
				PRODUCT_NAME = "$(TARGET_NAME)";
				TEST_HOST = "$(BUNDLE_LOADER)";
				WRAPPER_EXTENSION = xctest;
			};
			name = Release;
		};
/* End XCBuildConfiguration section */

/* Begin XCConfigurationList section */
		484ED492197797BE006B9ACE /* Build configuration list for PBXProject "Homepwner" */ = {
			isa = XCConfigurationList;
			buildConfigurations = (
				484ED4C1197797BE006B9ACE /* Debug */,
				484ED4C2197797BE006B9ACE /* Release */,
			);
			defaultConfigurationIsVisible = 0;
			defaultConfigurationName = Release;
		};
		484ED4C3197797BE006B9ACE /* Build configuration list for PBXNativeTarget "Homepwner" */ = {
			isa = XCConfigurationList;
			buildConfigurations = (
				484ED4C4197797BE006B9ACE /* Debug */,
				484ED4C5197797BE006B9ACE /* Release */,
			);
			defaultConfigurationIsVisible = 0;
		};
		484ED4C6197797BE006B9ACE /* Build configuration list for PBXNativeTarget "HomepwnerTests" */ = {
			isa = XCConfigurationList;
			buildConfigurations = (
				484ED4C7197797BE006B9ACE /* Debug */,
				484ED4C8197797BE006B9ACE /* Release */,
			);
			defaultConfigurationIsVisible = 0;
		};
/* End XCConfigurationList section */
	};
	rootObject = 484ED48F197797BE006B9ACE /* Project object */;
}
